// !$*UTF8*$!
{
	archiveVersion = 1;
	classes = {
	};
	objectVersion = 48;
	objects = {

/* Begin PBXBuildFile section */
		FAE52B0B20ACCD6700A523EF /* AppDelegate.swift in Sources */ = {isa = PBXBuildFile; fileRef = FAE52B0A20ACCD6700A523EF /* AppDelegate.swift */; };
		FAE52B1020ACCD6700A523EF /* Main.storyboard in Resources */ = {isa = PBXBuildFile; fileRef = FAE52B0E20ACCD6700A523EF /* Main.storyboard */; };
		FAE52B1220ACCD6700A523EF /* Assets.xcassets in Resources */ = {isa = PBXBuildFile; fileRef = FAE52B1120ACCD6700A523EF /* Assets.xcassets */; };
		FAE52B1520ACCD6700A523EF /* LaunchScreen.storyboard in Resources */ = {isa = PBXBuildFile; fileRef = FAE52B1320ACCD6700A523EF /* LaunchScreen.storyboard */; };
		FAE52B2020ACCD6700A523EF /* WardrobezzTests.swift in Sources */ = {isa = PBXBuildFile; fileRef = FAE52B1F20ACCD6700A523EF /* WardrobezzTests.swift */; };
		FAE52B2B20ACCFC500A523EF /* WIPhotosViewController.swift in Sources */ = {isa = PBXBuildFile; fileRef = FAE52B2A20ACCFC500A523EF /* WIPhotosViewController.swift */; };
		FAE52B2F20ACD12C00A523EF /* WISearchResults.swift in Sources */ = {isa = PBXBuildFile; fileRef = FAE52B2C20ACD12C00A523EF /* WISearchResults.swift */; };
		FAE52B3020ACD12C00A523EF /* WIPhoto.swift in Sources */ = {isa = PBXBuildFile; fileRef = FAE52B2D20ACD12C00A523EF /* WIPhoto.swift */; };
		FAE52B3320ACD6BB00A523EF /* WardrobeItem.swift in Sources */ = {isa = PBXBuildFile; fileRef = FAE52B3220ACD6BB00A523EF /* WardrobeItem.swift */; };
		FAE52B3520AE240E00A523EF /* WIPhotoCell.swift in Sources */ = {isa = PBXBuildFile; fileRef = FAE52B3420AE240E00A523EF /* WIPhotoCell.swift */; };
/* End PBXBuildFile section */

/* Begin PBXContainerItemProxy section */
		FAE52B1C20ACCD6700A523EF /* PBXContainerItemProxy */ = {
			isa = PBXContainerItemProxy;
			containerPortal = FAE52AFF20ACCD6700A523EF /* Project object */;
			proxyType = 1;
			remoteGlobalIDString = FAE52B0620ACCD6700A523EF;
			remoteInfo = Wardrobezz;
		};
/* End PBXContainerItemProxy section */

/* Begin PBXFileReference section */
		FAE52B0720ACCD6700A523EF /* Wardrobezz.app */ = {isa = PBXFileReference; explicitFileType = wrapper.application; includeInIndex = 0; path = Wardrobezz.app; sourceTree = BUILT_PRODUCTS_DIR; };
		FAE52B0A20ACCD6700A523EF /* AppDelegate.swift */ = {isa = PBXFileReference; lastKnownFileType = sourcecode.swift; path = AppDelegate.swift; sourceTree = "<group>"; };
		FAE52B0F20ACCD6700A523EF /* Base */ = {isa = PBXFileReference; lastKnownFileType = file.storyboard; name = Base; path = Base.lproj/Main.storyboard; sourceTree = "<group>"; };
		FAE52B1120ACCD6700A523EF /* Assets.xcassets */ = {isa = PBXFileReference; lastKnownFileType = folder.assetcatalog; path = Assets.xcassets; sourceTree = "<group>"; };
		FAE52B1420ACCD6700A523EF /* Base */ = {isa = PBXFileReference; lastKnownFileType = file.storyboard; name = Base; path = Base.lproj/LaunchScreen.storyboard; sourceTree = "<group>"; };
		FAE52B1620ACCD6700A523EF /* Info.plist */ = {isa = PBXFileReference; lastKnownFileType = text.plist.xml; path = Info.plist; sourceTree = "<group>"; };
		FAE52B1B20ACCD6700A523EF /* WardrobezzTests.xctest */ = {isa = PBXFileReference; explicitFileType = wrapper.cfbundle; includeInIndex = 0; path = WardrobezzTests.xctest; sourceTree = BUILT_PRODUCTS_DIR; };
		FAE52B1F20ACCD6700A523EF /* WardrobezzTests.swift */ = {isa = PBXFileReference; lastKnownFileType = sourcecode.swift; path = WardrobezzTests.swift; sourceTree = "<group>"; };
		FAE52B2120ACCD6700A523EF /* Info.plist */ = {isa = PBXFileReference; lastKnownFileType = text.plist.xml; path = Info.plist; sourceTree = "<group>"; };
		FAE52B2A20ACCFC500A523EF /* WIPhotosViewController.swift */ = {isa = PBXFileReference; lastKnownFileType = sourcecode.swift; path = WIPhotosViewController.swift; sourceTree = "<group>"; };
		FAE52B2C20ACD12C00A523EF /* WISearchResults.swift */ = {isa = PBXFileReference; fileEncoding = 4; lastKnownFileType = sourcecode.swift; path = WISearchResults.swift; sourceTree = "<group>"; };
		FAE52B2D20ACD12C00A523EF /* WIPhoto.swift */ = {isa = PBXFileReference; fileEncoding = 4; lastKnownFileType = sourcecode.swift; path = WIPhoto.swift; sourceTree = "<group>"; };
		FAE52B3220ACD6BB00A523EF /* WardrobeItem.swift */ = {isa = PBXFileReference; lastKnownFileType = sourcecode.swift; path = WardrobeItem.swift; sourceTree = "<group>"; };
		FAE52B3420AE240E00A523EF /* WIPhotoCell.swift */ = {isa = PBXFileReference; lastKnownFileType = sourcecode.swift; path = WIPhotoCell.swift; sourceTree = "<group>"; };
/* End PBXFileReference section */

/* Begin PBXFrameworksBuildPhase section */
		FAE52B0420ACCD6700A523EF /* Frameworks */ = {
			isa = PBXFrameworksBuildPhase;
			buildActionMask = 2147483647;
			files = (
			);
			runOnlyForDeploymentPostprocessing = 0;
		};
		FAE52B1820ACCD6700A523EF /* Frameworks */ = {
			isa = PBXFrameworksBuildPhase;
			buildActionMask = 2147483647;
			files = (
			);
			runOnlyForDeploymentPostprocessing = 0;
		};
/* End PBXFrameworksBuildPhase section */

/* Begin PBXGroup section */
		FAE52AFE20ACCD6700A523EF = {
			isa = PBXGroup;
			children = (
				FAE52B0920ACCD6700A523EF /* Wardrobezz */,
				FAE52B1E20ACCD6700A523EF /* WardrobezzTests */,
				FAE52B0820ACCD6700A523EF /* Products */,
			);
			sourceTree = "<group>";
		};
		FAE52B0820ACCD6700A523EF /* Products */ = {
			isa = PBXGroup;
			children = (
				FAE52B0720ACCD6700A523EF /* Wardrobezz.app */,
				FAE52B1B20ACCD6700A523EF /* WardrobezzTests.xctest */,
			);
			name = Products;
			sourceTree = "<group>";
		};
		FAE52B0920ACCD6700A523EF /* Wardrobezz */ = {
			isa = PBXGroup;
			children = (
				FAE52B0A20ACCD6700A523EF /* AppDelegate.swift */,
				FAE52B0E20ACCD6700A523EF /* Main.storyboard */,
				FAE52B3420AE240E00A523EF /* WIPhotoCell.swift */,
				FAE52B2A20ACCFC500A523EF /* WIPhotosViewController.swift */,
				FAE52B3220ACD6BB00A523EF /* WardrobeItem.swift */,
				FAE52B2D20ACD12C00A523EF /* WIPhoto.swift */,
				FAE52B2C20ACD12C00A523EF /* WISearchResults.swift */,
				FAE52B1120ACCD6700A523EF /* Assets.xcassets */,
				FAE52B1320ACCD6700A523EF /* LaunchScreen.storyboard */,
				FAE52B1620ACCD6700A523EF /* Info.plist */,
			);
			path = Wardrobezz;
			sourceTree = "<group>";
		};
		FAE52B1E20ACCD6700A523EF /* WardrobezzTests */ = {
			isa = PBXGroup;
			children = (
				FAE52B1F20ACCD6700A523EF /* WardrobezzTests.swift */,
				FAE52B2120ACCD6700A523EF /* Info.plist */,
			);
			path = WardrobezzTests;
			sourceTree = "<group>";
		};
/* End PBXGroup section */

/* Begin PBXNativeTarget section */
		FAE52B0620ACCD6700A523EF /* Wardrobezz */ = {
			isa = PBXNativeTarget;
			buildConfigurationList = FAE52B2420ACCD6700A523EF /* Build configuration list for PBXNativeTarget "Wardrobezz" */;
			buildPhases = (
				FAE52B0320ACCD6700A523EF /* Sources */,
				FAE52B0420ACCD6700A523EF /* Frameworks */,
				FAE52B0520ACCD6700A523EF /* Resources */,
			);
			buildRules = (
			);
			dependencies = (
			);
			name = Wardrobezz;
			productName = Wardrobezz;
			productReference = FAE52B0720ACCD6700A523EF /* Wardrobezz.app */;
			productType = "com.apple.product-type.application";
		};
		FAE52B1A20ACCD6700A523EF /* WardrobezzTests */ = {
			isa = PBXNativeTarget;
			buildConfigurationList = FAE52B2720ACCD6700A523EF /* Build configuration list for PBXNativeTarget "WardrobezzTests" */;
			buildPhases = (
				FAE52B1720ACCD6700A523EF /* Sources */,
				FAE52B1820ACCD6700A523EF /* Frameworks */,
				FAE52B1920ACCD6700A523EF /* Resources */,
			);
			buildRules = (
			);
			dependencies = (
				FAE52B1D20ACCD6700A523EF /* PBXTargetDependency */,
			);
			name = WardrobezzTests;
			productName = WardrobezzTests;
			productReference = FAE52B1B20ACCD6700A523EF /* WardrobezzTests.xctest */;
			productType = "com.apple.product-type.bundle.unit-test";
		};
/* End PBXNativeTarget section */

/* Begin PBXProject section */
		FAE52AFF20ACCD6700A523EF /* Project object */ = {
			isa = PBXProject;
			attributes = {
				LastSwiftUpdateCheck = 0920;
				LastUpgradeCheck = 0920;
				ORGANIZATIONNAME = "Maharishi School";
				TargetAttributes = {
					FAE52B0620ACCD6700A523EF = {
						CreatedOnToolsVersion = 9.2;
						ProvisioningStyle = Automatic;
					};
					FAE52B1A20ACCD6700A523EF = {
						CreatedOnToolsVersion = 9.2;
						ProvisioningStyle = Automatic;
						TestTargetID = FAE52B0620ACCD6700A523EF;
					};
				};
			};
			buildConfigurationList = FAE52B0220ACCD6700A523EF /* Build configuration list for PBXProject "Wardrobezz" */;
			compatibilityVersion = "Xcode 8.0";
			developmentRegion = en;
			hasScannedForEncodings = 0;
			knownRegions = (
				en,
				Base,
			);
			mainGroup = FAE52AFE20ACCD6700A523EF;
			productRefGroup = FAE52B0820ACCD6700A523EF /* Products */;
			projectDirPath = "";
			projectRoot = "";
			targets = (
				FAE52B0620ACCD6700A523EF /* Wardrobezz */,
				FAE52B1A20ACCD6700A523EF /* WardrobezzTests */,
			);
		};
/* End PBXProject section */

/* Begin PBXResourcesBuildPhase section */
		FAE52B0520ACCD6700A523EF /* Resources */ = {
			isa = PBXResourcesBuildPhase;
			buildActionMask = 2147483647;
			files = (
				FAE52B1520ACCD6700A523EF /* LaunchScreen.storyboard in Resources */,
				FAE52B1220ACCD6700A523EF /* Assets.xcassets in Resources */,
				FAE52B1020ACCD6700A523EF /* Main.storyboard in Resources */,
			);
			runOnlyForDeploymentPostprocessing = 0;
		};
		FAE52B1920ACCD6700A523EF /* Resources */ = {
			isa = PBXResourcesBuildPhase;
			buildActionMask = 2147483647;
			files = (
			);
			runOnlyForDeploymentPostprocessing = 0;
		};
/* End PBXResourcesBuildPhase section */

/* Begin PBXSourcesBuildPhase section */
		FAE52B0320ACCD6700A523EF /* Sources */ = {
			isa = PBXSourcesBuildPhase;
			buildActionMask = 2147483647;
			files = (
				FAE52B0B20ACCD6700A523EF /* AppDelegate.swift in Sources */,
				FAE52B2B20ACCFC500A523EF /* WIPhotosViewController.swift in Sources */,
				FAE52B3520AE240E00A523EF /* WIPhotoCell.swift in Sources */,
				FAE52B3320ACD6BB00A523EF /* WardrobeItem.swift in Sources */,
				FAE52B3020ACD12C00A523EF /* WIPhoto.swift in Sources */,
				FAE52B2F20ACD12C00A523EF /* WISearchResults.swift in Sources */,
			);
			runOnlyForDeploymentPostprocessing = 0;
		};
		FAE52B1720ACCD6700A523EF /* Sources */ = {
			isa = PBXSourcesBuildPhase;
			buildActionMask = 2147483647;
			files = (
				FAE52B2020ACCD6700A523EF /* WardrobezzTests.swift in Sources */,
			);
			runOnlyForDeploymentPostprocessing = 0;
		};
/* End PBXSourcesBuildPhase section */

/* Begin PBXTargetDependency section */
		FAE52B1D20ACCD6700A523EF /* PBXTargetDependency */ = {
			isa = PBXTargetDependency;
			target = FAE52B0620ACCD6700A523EF /* Wardrobezz */;
			targetProxy = FAE52B1C20ACCD6700A523EF /* PBXContainerItemProxy */;
		};
/* End PBXTargetDependency section */

/* Begin PBXVariantGroup section */
		FAE52B0E20ACCD6700A523EF /* Main.storyboard */ = {
			isa = PBXVariantGroup;
			children = (
				FAE52B0F20ACCD6700A523EF /* Base */,
			);
			name = Main.storyboard;
			sourceTree = "<group>";
		};
		FAE52B1320ACCD6700A523EF /* LaunchScreen.storyboard */ = {
			isa = PBXVariantGroup;
			children = (
				FAE52B1420ACCD6700A523EF /* Base */,
			);
			name = LaunchScreen.storyboard;
			sourceTree = "<group>";
		};
/* End PBXVariantGroup section */

/* Begin XCBuildConfiguration section */
		FAE52B2220ACCD6700A523EF /* Debug */ = {
			isa = XCBuildConfiguration;
			buildSettings = {
				ALWAYS_SEARCH_USER_PATHS = NO;
				CLANG_ANALYZER_NONNULL = YES;
				CLANG_ANALYZER_NUMBER_OBJECT_CONVERSION = YES_AGGRESSIVE;
				CLANG_CXX_LANGUAGE_STANDARD = "gnu++14";
				CLANG_CXX_LIBRARY = "libc++";
				CLANG_ENABLE_MODULES = YES;
				CLANG_ENABLE_OBJC_ARC = YES;
				CLANG_WARN_BLOCK_CAPTURE_AUTORELEASING = YES;
				CLANG_WARN_BOOL_CONVERSION = YES;
				CLANG_WARN_COMMA = YES;
				CLANG_WARN_CONSTANT_CONVERSION = YES;
				CLANG_WARN_DIRECT_OBJC_ISA_USAGE = YES_ERROR;
				CLANG_WARN_DOCUMENTATION_COMMENTS = YES;
				CLANG_WARN_EMPTY_BODY = YES;
				CLANG_WARN_ENUM_CONVERSION = YES;
				CLANG_WARN_INFINITE_RECURSION = YES;
				CLANG_WARN_INT_CONVERSION = YES;
				CLANG_WARN_NON_LITERAL_NULL_CONVERSION = YES;
				CLANG_WARN_OBJC_LITERAL_CONVERSION = YES;
				CLANG_WARN_OBJC_ROOT_CLASS = YES_ERROR;
				CLANG_WARN_RANGE_LOOP_ANALYSIS = YES;
				CLANG_WARN_STRICT_PROTOTYPES = YES;
				CLANG_WARN_SUSPICIOUS_MOVE = YES;
				CLANG_WARN_UNGUARDED_AVAILABILITY = YES_AGGRESSIVE;
				CLANG_WARN_UNREACHABLE_CODE = YES;
				CLANG_WARN__DUPLICATE_METHOD_MATCH = YES;
				CODE_SIGN_IDENTITY = "iPhone Developer";
				COPY_PHASE_STRIP = NO;
				DEBUG_INFORMATION_FORMAT = dwarf;
				ENABLE_STRICT_OBJC_MSGSEND = YES;
				ENABLE_TESTABILITY = YES;
				GCC_C_LANGUAGE_STANDARD = gnu11;
				GCC_DYNAMIC_NO_PIC = NO;
				GCC_NO_COMMON_BLOCKS = YES;
				GCC_OPTIMIZATION_LEVEL = 0;
				GCC_PREPROCESSOR_DEFINITIONS = (
					"DEBUG=1",
					"$(inherited)",
				);
				GCC_WARN_64_TO_32_BIT_CONVERSION = YES;
				GCC_WARN_ABOUT_RETURN_TYPE = YES_ERROR;
				GCC_WARN_UNDECLARED_SELECTOR = YES;
				GCC_WARN_UNINITIALIZED_AUTOS = YES_AGGRESSIVE;
				GCC_WARN_UNUSED_FUNCTION = YES;
				GCC_WARN_UNUSED_VARIABLE = YES;
				IPHONEOS_DEPLOYMENT_TARGET = 11.2;
				MTL_ENABLE_DEBUG_INFO = YES;
				ONLY_ACTIVE_ARCH = YES;
				SDKROOT = iphoneos;
				SWIFT_ACTIVE_COMPILATION_CONDITIONS = DEBUG;
				SWIFT_OPTIMIZATION_LEVEL = "-Onone";
			};
			name = Debug;
		};
		FAE52B2320ACCD6700A523EF /* Release */ = {
			isa = XCBuildConfiguration;
			buildSettings = {
				ALWAYS_SEARCH_USER_PATHS = NO;
				CLANG_ANALYZER_NONNULL = YES;
				CLANG_ANALYZER_NUMBER_OBJECT_CONVERSION = YES_AGGRESSIVE;
				CLANG_CXX_LANGUAGE_STANDARD = "gnu++14";
				CLANG_CXX_LIBRARY = "libc++";
				CLANG_ENABLE_MODULES = YES;
				CLANG_ENABLE_OBJC_ARC = YES;
				CLANG_WARN_BLOCK_CAPTURE_AUTORELEASING = YES;
				CLANG_WARN_BOOL_CONVERSION = YES;
				CLANG_WARN_COMMA = YES;
				CLANG_WARN_CONSTANT_CONVERSION = YES;
				CLANG_WARN_DIRECT_OBJC_ISA_USAGE = YES_ERROR;
				CLANG_WARN_DOCUMENTATION_COMMENTS = YES;
				CLANG_WARN_EMPTY_BODY = YES;
				CLANG_WARN_ENUM_CONVERSION = YES;
				CLANG_WARN_INFINITE_RECURSION = YES;
				CLANG_WARN_INT_CONVERSION = YES;
				CLANG_WARN_NON_LITERAL_NULL_CONVERSION = YES;
				CLANG_WARN_OBJC_LITERAL_CONVERSION = YES;
				CLANG_WARN_OBJC_ROOT_CLASS = YES_ERROR;
				CLANG_WARN_RANGE_LOOP_ANALYSIS = YES;
				CLANG_WARN_STRICT_PROTOTYPES = YES;
				CLANG_WARN_SUSPICIOUS_MOVE = YES;
				CLANG_WARN_UNGUARDED_AVAILABILITY = YES_AGGRESSIVE;
				CLANG_WARN_UNREACHABLE_CODE = YES;
				CLANG_WARN__DUPLICATE_METHOD_MATCH = YES;
				CODE_SIGN_IDENTITY = "iPhone Developer";
				COPY_PHASE_STRIP = NO;
				DEBUG_INFORMATION_FORMAT = "dwarf-with-dsym";
				ENABLE_NS_ASSERTIONS = NO;
				ENABLE_STRICT_OBJC_MSGSEND = YES;
				GCC_C_LANGUAGE_STANDARD = gnu11;
				GCC_NO_COMMON_BLOCKS = YES;
				GCC_WARN_64_TO_32_BIT_CONVERSION = YES;
				GCC_WARN_ABOUT_RETURN_TYPE = YES_ERROR;
				GCC_WARN_UNDECLARED_SELECTOR = YES;
				GCC_WARN_UNINITIALIZED_AUTOS = YES_AGGRESSIVE;
				GCC_WARN_UNUSED_FUNCTION = YES;
				GCC_WARN_UNUSED_VARIABLE = YES;
				IPHONEOS_DEPLOYMENT_TARGET = 11.2;
				MTL_ENABLE_DEBUG_INFO = NO;
				SDKROOT = iphoneos;
				SWIFT_OPTIMIZATION_LEVEL = "-Owholemodule";
				VALIDATE_PRODUCT = YES;
			};
			name = Release;
		};
		FAE52B2520ACCD6700A523EF /* Debug */ = {
			isa = XCBuildConfiguration;
			buildSettings = {
				ASSETCATALOG_COMPILER_APPICON_NAME = AppIcon;
				CODE_SIGN_STYLE = Automatic;
				DEVELOPMENT_TEAM = 2VL3LXR3BW;
				INFOPLIST_FILE = Wardrobezz/Info.plist;
				LD_RUNPATH_SEARCH_PATHS = "$(inherited) @executable_path/Frameworks";
				PRODUCT_BUNDLE_IDENTIFIER = com.MaharishiSchool.Wardrobezz;
				PRODUCT_NAME = "$(TARGET_NAME)";
				SWIFT_VERSION = 4.0;
				TARGETED_DEVICE_FAMILY = "1,2";
			};
			name = Debug;
		};
		FAE52B2620ACCD6700A523EF /* Release */ = {
			isa = XCBuildConfiguration;
			buildSettings = {
				ASSETCATALOG_COMPILER_APPICON_NAME = AppIcon;
				CODE_SIGN_STYLE = Automatic;
				DEVELOPMENT_TEAM = 2VL3LXR3BW;
				INFOPLIST_FILE = Wardrobezz/Info.plist;
				LD_RUNPATH_SEARCH_PATHS = "$(inherited) @executable_path/Frameworks";
				PRODUCT_BUNDLE_IDENTIFIER = com.MaharishiSchool.Wardrobezz;
				PRODUCT_NAME = "$(TARGET_NAME)";
				SWIFT_VERSION = 4.0;
				TARGETED_DEVICE_FAMILY = "1,2";
			};
			name = Release;
		};
		FAE52B2820ACCD6700A523EF /* Debug */ = {
			isa = XCBuildConfiguration;
			buildSettings = {
				ALWAYS_EMBED_SWIFT_STANDARD_LIBRARIES = YES;
				BUNDLE_LOADER = "$(TEST_HOST)";
				CODE_SIGN_STYLE = Automatic;
				DEVELOPMENT_TEAM = 2VL3LXR3BW;
				INFOPLIST_FILE = WardrobezzTests/Info.plist;
				LD_RUNPATH_SEARCH_PATHS = "$(inherited) @executable_path/Frameworks @loader_path/Frameworks";
				PRODUCT_BUNDLE_IDENTIFIER = com.MaharishiSchool.WardrobezzTests;
				PRODUCT_NAME = "$(TARGET_NAME)";
				SWIFT_VERSION = 4.0;
				TARGETED_DEVICE_FAMILY = "1,2";
				TEST_HOST = "$(BUILT_PRODUCTS_DIR)/Wardrobezz.app/Wardrobezz";
			};
			name = Debug;
		};
		FAE52B2920ACCD6700A523EF /* Release */ = {
			isa = XCBuildConfiguration;
			buildSettings = {
				ALWAYS_EMBED_SWIFT_STANDARD_LIBRARIES = YES;
				BUNDLE_LOADER = "$(TEST_HOST)";
				CODE_SIGN_STYLE = Automatic;
				DEVELOPMENT_TEAM = 2VL3LXR3BW;
				INFOPLIST_FILE = WardrobezzTests/Info.plist;
				LD_RUNPATH_SEARCH_PATHS = "$(inherited) @executable_path/Frameworks @loader_path/Frameworks";
				PRODUCT_BUNDLE_IDENTIFIER = com.MaharishiSchool.WardrobezzTests;
				PRODUCT_NAME = "$(TARGET_NAME)";
				SWIFT_VERSION = 4.0;
				TARGETED_DEVICE_FAMILY = "1,2";
				TEST_HOST = "$(BUILT_PRODUCTS_DIR)/Wardrobezz.app/Wardrobezz";
			};
			name = Release;
		};
/* End XCBuildConfiguration section */

/* Begin XCConfigurationList section */
		FAE52B0220ACCD6700A523EF /* Build configuration list for PBXProject "Wardrobezz" */ = {
			isa = XCConfigurationList;
			buildConfigurations = (
				FAE52B2220ACCD6700A523EF /* Debug */,
				FAE52B2320ACCD6700A523EF /* Release */,
			);
			defaultConfigurationIsVisible = 0;
			defaultConfigurationName = Release;
		};
		FAE52B2420ACCD6700A523EF /* Build configuration list for PBXNativeTarget "Wardrobezz" */ = {
			isa = XCConfigurationList;
			buildConfigurations = (
				FAE52B2520ACCD6700A523EF /* Debug */,
				FAE52B2620ACCD6700A523EF /* Release */,
			);
			defaultConfigurationIsVisible = 0;
			defaultConfigurationName = Release;
		};
		FAE52B2720ACCD6700A523EF /* Build configuration list for PBXNativeTarget "WardrobezzTests" */ = {
			isa = XCConfigurationList;
			buildConfigurations = (
				FAE52B2820ACCD6700A523EF /* Debug */,
				FAE52B2920ACCD6700A523EF /* Release */,
			);
			defaultConfigurationIsVisible = 0;
			defaultConfigurationName = Release;
		};
/* End XCConfigurationList section */
	};
	rootObject = FAE52AFF20ACCD6700A523EF /* Project object */;
}
